
Microsoft Visual Studio Solution File, Format Version 12.00
# Visual Studio Version 17
VisualStudioVersion = 17.14.36616.10
MinimumVisualStudioVersion = 10.0.40219.1
Project("{8BC9CEB8-8B4A-11D0-8D11-00A0C91BC942}") = "Server", "Server.vcxproj", "{34A86FA3-2FA6-4DE8-A728-A251B0521914}"
EndProject
Project("{FAE04EC0-301F-11D3-BF4B-00C04F79EFBC}") = "Client", "..\Client\Client.csproj", "{7D04BA46-8FF8-44EB-97F6-B6ADEDDDAA04}"
EndProject
Global
	GlobalSection(SolutionConfigurationPlatforms) = preSolution
		Debug|Any CPU = Debug|Any CPU
		Debug|x64 = Debug|x64
		Debug|x86 = Debug|x86
		Release|Any CPU = Release|Any CPU
		Release|x64 = Release|x64
		Release|x86 = Release|x86
	EndGlobalSection
	GlobalSection(ProjectConfigurationPlatforms) = postSolution
		{34A86FA3-2FA6-4DE8-A728-A251B0521914}.Debug|Any CPU.ActiveCfg = Debug|x64
		{34A86FA3-2FA6-4DE8-A728-A251B0521914}.Debug|Any CPU.Build.0 = Debug|x64
		{34A86FA3-2FA6-4DE8-A728-A251B0521914}.Debug|x64.ActiveCfg = Debug|x64
		{34A86FA3-2FA6-4DE8-A728-A251B0521914}.Debug|x64.Build.0 = Debug|x64
		{34A86FA3-2FA6-4DE8-A728-A251B0521914}.Debug|x86.ActiveCfg = Debug|Win32
		{34A86FA3-2FA6-4DE8-A728-A251B0521914}.Debug|x86.Build.0 = Debug|Win32
		{34A86FA3-2FA6-4DE8-A728-A251B0521914}.Release|Any CPU.ActiveCfg = Release|x64
		{34A86FA3-2FA6-4DE8-A728-A251B0521914}.Release|Any CPU.Build.0 = Release|x64
		{34A86FA3-2FA6-4DE8-A728-A251B0521914}.Release|x64.ActiveCfg = Release|x64
		{34A86FA3-2FA6-4DE8-A728-A251B0521914}.Release|x64.Build.0 = Release|x64
		{34A86FA3-2FA6-4DE8-A728-A251B0521914}.Release|x86.ActiveCfg = Release|Win32
		{34A86FA3-2FA6-4DE8-A728-A251B0521914}.Release|x86.Build.0 = Release|Win32
		{7D04BA46-8FF8-44EB-97F6-B6ADEDDDAA04}.Debug|Any CPU.ActiveCfg = Debug|Any CPU
		{7D04BA46-8FF8-44EB-97F6-B6ADEDDDAA04}.Debug|Any CPU.Build.0 = Debug|Any CPU
		{7D04BA46-8FF8-44EB-97F6-B6ADEDDDAA04}.Debug|x64.ActiveCfg = Debug|Any CPU
		{7D04BA46-8FF8-44EB-97F6-B6ADEDDDAA04}.Debug|x64.Build.0 = Debug|Any CPU
		{7D04BA46-8FF8-44EB-97F6-B6ADEDDDAA04}.Debug|x86.ActiveCfg = Debug|Any CPU
		{7D04BA46-8FF8-44EB-97F6-B6ADEDDDAA04}.Debug|x86.Build.0 = Debug|Any CPU
		{7D04BA46-8FF8-44EB-97F6-B6ADEDDDAA04}.Release|Any CPU.ActiveCfg = Release|Any CPU
		{7D04BA46-8FF8-44EB-97F6-B6ADEDDDAA04}.Release|Any CPU.Build.0 = Release|Any CPU
		{7D04BA46-8FF8-44EB-97F6-B6ADEDDDAA04}.Release|x64.ActiveCfg = Release|Any CPU
		{7D04BA46-8FF8-44EB-97F6-B6ADEDDDAA04}.Release|x64.Build.0 = Release|Any CPU
		{7D04BA46-8FF8-44EB-97F6-B6ADEDDDAA04}.Release|x86.ActiveCfg = Release|Any CPU
		{7D04BA46-8FF8-44EB-97F6-B6ADEDDDAA04}.Release|x86.Build.0 = Release|Any CPU
	EndGlobalSection
	GlobalSection(SolutionProperties) = preSolution
		HideSolutionNode = FALSE
	EndGlobalSection
	GlobalSection(ExtensibilityGlobals) = postSolution
		SolutionGuid = {9046795F-1B35-4964-82CD-F1A26B98F8BB}
	EndGlobalSection
EndGlobal
